
Microsoft Visual Studio Solution File, Format Version 12.00
# Visual Studio Version 16
VisualStudioVersion = 16.0.30621.155
MinimumVisualStudioVersion = 10.0.40219.1
Project("{FAE04EC0-301F-11D3-BF4B-00C04F79EFBC}") = "DM.MovieApi", "DM.MovieApi\DM.MovieApi.csproj", "{DD45BBDE-7BB4-41D5-9EB8-B33C74189679}"
EndProject
Project("{FAE04EC0-301F-11D3-BF4B-00C04F79EFBC}") = "DM.MovieApi.IntegrationTests", "DM.MovieApi.IntegrationTests\DM.MovieApi.IntegrationTests.csproj", "{415A810A-75AA-4EFE-9B7B-A16DEE8CCCC8}"
EndProject
Global
	GlobalSection(SolutionConfigurationPlatforms) = preSolution
		Debug|Any CPU = Debug|Any CPU
		Release|Any CPU = Release|Any CPU
	EndGlobalSection
	GlobalSection(ProjectConfigurationPlatforms) = postSolution
		{DD45BBDE-7BB4-41D5-9EB8-B33C74189679}.Debug|Any CPU.ActiveCfg = Debug|Any CPU
		{DD45BBDE-7BB4-41D5-9EB8-B33C74189679}.Debug|Any CPU.Build.0 = Debug|Any CPU
		{DD45BBDE-7BB4-41D5-9EB8-B33C74189679}.Release|Any CPU.ActiveCfg = Release|Any CPU
		{DD45BBDE-7BB4-41D5-9EB8-B33C74189679}.Release|Any CPU.Build.0 = Release|Any CPU
		{415A810A-75AA-4EFE-9B7B-A16DEE8CCCC8}.Debug|Any CPU.ActiveCfg = Debug|Any CPU
		{415A810A-75AA-4EFE-9B7B-A16DEE8CCCC8}.Debug|Any CPU.Build.0 = Debug|Any CPU
		{415A810A-75AA-4EFE-9B7B-A16DEE8CCCC8}.Release|Any CPU.ActiveCfg = Release|Any CPU
		{415A810A-75AA-4EFE-9B7B-A16DEE8CCCC8}.Release|Any CPU.Build.0 = Release|Any CPU
	EndGlobalSection
	GlobalSection(SolutionProperties) = preSolution
		HideSolutionNode = FALSE
	EndGlobalSection
	GlobalSection(ExtensibilityGlobals) = postSolution
		SolutionGuid = {296B1713-44CE-492B-9F79-E60885691DB9}
	EndGlobalSection
EndGlobal
